
Microsoft Visual Studio Solution File, Format Version 12.00
# Visual Studio Version 17
VisualStudioVersion = 17.13.35617.110 d17.13
MinimumVisualStudioVersion = 10.0.40219.1
Project("{FAE04EC0-301F-11D3-BF4B-00C04F79EFBC}") = "BeSpoked.Bikes.WebApp", "BeSpoked.Bikes.WebApp\BeSpoked.Bikes.WebApp.csproj", "{B56E80AE-56DC-42E0-B8E6-AAA9AF0E1BB2}"
EndProject
Global
	GlobalSection(SolutionConfigurationPlatforms) = preSolution
		Debug|Any CPU = Debug|Any CPU
		Release|Any CPU = Release|Any CPU
	EndGlobalSection
	GlobalSection(ProjectConfigurationPlatforms) = postSolution
		{B56E80AE-56DC-42E0-B8E6-AAA9AF0E1BB2}.Debug|Any CPU.ActiveCfg = Debug|Any CPU
		{B56E80AE-56DC-42E0-B8E6-AAA9AF0E1BB2}.Debug|Any CPU.Build.0 = Debug|Any CPU
		{B56E80AE-56DC-42E0-B8E6-AAA9AF0E1BB2}.Release|Any CPU.ActiveCfg = Release|Any CPU
		{B56E80AE-56DC-42E0-B8E6-AAA9AF0E1BB2}.Release|Any CPU.Build.0 = Release|Any CPU
	EndGlobalSection
	GlobalSection(SolutionProperties) = preSolution
		HideSolutionNode = FALSE
	EndGlobalSection
	GlobalSection(ExtensibilityGlobals) = postSolution
		SolutionGuid = {74AE95E4-12D9-4C64-85BB-EF61875A3FAE}
	EndGlobalSection
EndGlobal
